Microsoft Visual Studio Solution File, Format Version 12.00
# Visual Studio Version 17
VisualStudioVersion = 17.5.2.0
MinimumVisualStudioVersion = 10.0.40219.1
Project("{FAE04EC0-301F-11D3-BF4B-00C04F79EFBC}") = "HomeLab", "HomeLab\HomeLab.csproj", "{E1B25107-EEA3-229B-189F-1E10A3B5EB65}"
EndProject
Global
	GlobalSection(SolutionConfigurationPlatforms) = preSolution
		Debug|Any CPU = Debug|Any CPU
		Release|Any CPU = Release|Any CPU
	EndGlobalSection
	GlobalSection(ProjectConfigurationPlatforms) = postSolution
		{E1B25107-EEA3-229B-189F-1E10A3B5EB65}.Debug|Any CPU.ActiveCfg = Debug|Any CPU
		{E1B25107-EEA3-229B-189F-1E10A3B5EB65}.Debug|Any CPU.Build.0 = Debug|Any CPU
		{E1B25107-EEA3-229B-189F-1E10A3B5EB65}.Release|Any CPU.ActiveCfg = Release|Any CPU
		{E1B25107-EEA3-229B-189F-1E10A3B5EB65}.Release|Any CPU.Build.0 = Release|Any CPU
	EndGlobalSection
	GlobalSection(SolutionProperties) = preSolution
		HideSolutionNode = FALSE
	EndGlobalSection
	GlobalSection(ExtensibilityGlobals) = postSolution
		SolutionGuid = {A29D58AC-11CE-4807-82CA-E383C4CA1E7C}
	EndGlobalSection
EndGlobal
ls
